
Microsoft Visual Studio Solution File, Format Version 12.00
# Visual Studio Version 16
VisualStudioVersion = 16.0.29215.179
MinimumVisualStudioVersion = 10.0.40219.1
Project("{FAE04EC0-301F-11D3-BF4B-00C04F79EFBC}") = "BlackJack", "BlackJack\BlackJack.csproj", "{F7A5452B-B935-4043-852B-5D5C112E4011}"
EndProject
Project("{FAE04EC0-301F-11D3-BF4B-00C04F79EFBC}") = "BlackJackTests", "BlackJackTests\BlackJackTests.csproj", "{66C8D65D-1540-47A0-81A4-14EDDCAA3E49}"
EndProject
Global
	GlobalSection(SolutionConfigurationPlatforms) = preSolution
		Debug|Any CPU = Debug|Any CPU
		Release|Any CPU = Release|Any CPU
	EndGlobalSection
	GlobalSection(ProjectConfigurationPlatforms) = postSolution
		{F7A5452B-B935-4043-852B-5D5C112E4011}.Debug|Any CPU.ActiveCfg = Debug|Any CPU
		{F7A5452B-B935-4043-852B-5D5C112E4011}.Debug|Any CPU.Build.0 = Debug|Any CPU
		{F7A5452B-B935-4043-852B-5D5C112E4011}.Release|Any CPU.ActiveCfg = Release|Any CPU
		{F7A5452B-B935-4043-852B-5D5C112E4011}.Release|Any CPU.Build.0 = Release|Any CPU
		{66C8D65D-1540-47A0-81A4-14EDDCAA3E49}.Debug|Any CPU.ActiveCfg = Debug|Any CPU
		{66C8D65D-1540-47A0-81A4-14EDDCAA3E49}.Debug|Any CPU.Build.0 = Debug|Any CPU
		{66C8D65D-1540-47A0-81A4-14EDDCAA3E49}.Release|Any CPU.ActiveCfg = Release|Any CPU
		{66C8D65D-1540-47A0-81A4-14EDDCAA3E49}.Release|Any CPU.Build.0 = Release|Any CPU
	EndGlobalSection
	GlobalSection(SolutionProperties) = preSolution
		HideSolutionNode = FALSE
	EndGlobalSection
	GlobalSection(ExtensibilityGlobals) = postSolution
		SolutionGuid = {5E3BBEE6-CED8-4BF3-8DA6-F0964870FC47}
	EndGlobalSection
EndGlobal
